
Microsoft Visual Studio Solution File, Format Version 12.00
# Visual Studio 14
VisualStudioVersion = 14.0.23107.0
MinimumVisualStudioVersion = 10.0.40219.1
Project("{FAE04EC0-301F-11D3-BF4B-00C04F79EFBC}") = "1ClickTripsAddIn", "1ClickTripsAddIn\1ClickTripsAddIn.csproj", "{52EFDF2D-9356-4E73-9129-04531545FEA0}"
EndProject
Project("{FAE04EC0-301F-11D3-BF4B-00C04F79EFBC}") = "1ClickTripsAddInWeb", "1ClickTripsAddInWeb\1ClickTripsAddInWeb.csproj", "{0124D83B-D5E4-4355-A2BF-A89B64F1AEED}"
EndProject
Global
	GlobalSection(SolutionConfigurationPlatforms) = preSolution
		Debug|Any CPU = Debug|Any CPU
		Release|Any CPU = Release|Any CPU
	EndGlobalSection
	GlobalSection(ProjectConfigurationPlatforms) = postSolution
		{52EFDF2D-9356-4E73-9129-04531545FEA0}.Debug|Any CPU.ActiveCfg = Debug|Any CPU
		{52EFDF2D-9356-4E73-9129-04531545FEA0}.Debug|Any CPU.Build.0 = Debug|Any CPU
		{52EFDF2D-9356-4E73-9129-04531545FEA0}.Debug|Any CPU.Deploy.0 = Debug|Any CPU
		{52EFDF2D-9356-4E73-9129-04531545FEA0}.Release|Any CPU.ActiveCfg = Release|Any CPU
		{52EFDF2D-9356-4E73-9129-04531545FEA0}.Release|Any CPU.Build.0 = Release|Any CPU
		{52EFDF2D-9356-4E73-9129-04531545FEA0}.Release|Any CPU.Deploy.0 = Release|Any CPU
		{0124D83B-D5E4-4355-A2BF-A89B64F1AEED}.Debug|Any CPU.ActiveCfg = Debug|Any CPU
		{0124D83B-D5E4-4355-A2BF-A89B64F1AEED}.Debug|Any CPU.Build.0 = Debug|Any CPU
		{0124D83B-D5E4-4355-A2BF-A89B64F1AEED}.Release|Any CPU.ActiveCfg = Release|Any CPU
		{0124D83B-D5E4-4355-A2BF-A89B64F1AEED}.Release|Any CPU.Build.0 = Release|Any CPU
	EndGlobalSection
	GlobalSection(SolutionProperties) = preSolution
		HideSolutionNode = FALSE
	EndGlobalSection
EndGlobal
